
Microsoft Visual Studio Solution File, Format Version 12.00
# Visual Studio 14
VisualStudioVersion = 14.0.25123.0
MinimumVisualStudioVersion = 10.0.40219.1
Project("{FAE04EC0-301F-11D3-BF4B-00C04F79EFBC}") = "Task1", "Task1\Task1.csproj", "{F923D69C-0D40-4B64-9656-9295721C6024}"
EndProject
Project("{FAE04EC0-301F-11D3-BF4B-00C04F79EFBC}") = "Task2", "..\Task2\Task2\Task2.csproj", "{C026D441-B118-409E-ABC5-683536156C82}"
EndProject
Project("{FAE04EC0-301F-11D3-BF4B-00C04F79EFBC}") = "Task3", "..\Task3\Task3\Task3.csproj", "{7DF07E64-2E82-44B9-8A21-D56BC3C6BC7E}"
EndProject
Project("{FAE04EC0-301F-11D3-BF4B-00C04F79EFBC}") = "Task4", "..\Task4\Task4\Task4.csproj", "{6DB68E28-D12A-4F3A-841D-30813A10006B}"
EndProject
Global
	GlobalSection(SolutionConfigurationPlatforms) = preSolution
		Debug|Any CPU = Debug|Any CPU
		Release|Any CPU = Release|Any CPU
	EndGlobalSection
	GlobalSection(ProjectConfigurationPlatforms) = postSolution
		{F923D69C-0D40-4B64-9656-9295721C6024}.Debug|Any CPU.ActiveCfg = Debug|Any CPU
		{F923D69C-0D40-4B64-9656-9295721C6024}.Debug|Any CPU.Build.0 = Debug|Any CPU
		{F923D69C-0D40-4B64-9656-9295721C6024}.Release|Any CPU.ActiveCfg = Release|Any CPU
		{F923D69C-0D40-4B64-9656-9295721C6024}.Release|Any CPU.Build.0 = Release|Any CPU
		{C026D441-B118-409E-ABC5-683536156C82}.Debug|Any CPU.ActiveCfg = Debug|Any CPU
		{C026D441-B118-409E-ABC5-683536156C82}.Debug|Any CPU.Build.0 = Debug|Any CPU
		{C026D441-B118-409E-ABC5-683536156C82}.Release|Any CPU.ActiveCfg = Release|Any CPU
		{C026D441-B118-409E-ABC5-683536156C82}.Release|Any CPU.Build.0 = Release|Any CPU
		{7DF07E64-2E82-44B9-8A21-D56BC3C6BC7E}.Debug|Any CPU.ActiveCfg = Debug|Any CPU
		{7DF07E64-2E82-44B9-8A21-D56BC3C6BC7E}.Debug|Any CPU.Build.0 = Debug|Any CPU
		{7DF07E64-2E82-44B9-8A21-D56BC3C6BC7E}.Release|Any CPU.ActiveCfg = Release|Any CPU
		{7DF07E64-2E82-44B9-8A21-D56BC3C6BC7E}.Release|Any CPU.Build.0 = Release|Any CPU
		{6DB68E28-D12A-4F3A-841D-30813A10006B}.Debug|Any CPU.ActiveCfg = Debug|Any CPU
		{6DB68E28-D12A-4F3A-841D-30813A10006B}.Debug|Any CPU.Build.0 = Debug|Any CPU
		{6DB68E28-D12A-4F3A-841D-30813A10006B}.Release|Any CPU.ActiveCfg = Release|Any CPU
		{6DB68E28-D12A-4F3A-841D-30813A10006B}.Release|Any CPU.Build.0 = Release|Any CPU
	EndGlobalSection
	GlobalSection(SolutionProperties) = preSolution
		HideSolutionNode = FALSE
	EndGlobalSection
EndGlobal
