
Microsoft Visual Studio Solution File, Format Version 12.00
# Visual Studio 14
VisualStudioVersion = 14.0.25123.0
MinimumVisualStudioVersion = 10.0.40219.1
Project("{FAE04EC0-301F-11D3-BF4B-00C04F79EFBC}") = "Task1", "Task1\Task1.csproj", "{F923D69C-0D40-4B64-9656-9295721C6024}"
EndProject
Project("{FAE04EC0-301F-11D3-BF4B-00C04F79EFBC}") = "Task2", "Task2\Task2.csproj", "{EA1874D7-57E9-449F-817A-E4D51B4FE84F}"
EndProject
Project("{FAE04EC0-301F-11D3-BF4B-00C04F79EFBC}") = "Task3", "Task3\Task3.csproj", "{DFF34A43-73B9-4364-AD86-A4064BE68958}"
EndProject
Project("{FAE04EC0-301F-11D3-BF4B-00C04F79EFBC}") = "Task4", "Task4\Task4.csproj", "{04C05A2D-DB55-43E4-9481-8ADE0FDD952A}"
EndProject
Global
	GlobalSection(SolutionConfigurationPlatforms) = preSolution
		Debug|Any CPU = Debug|Any CPU
		Release|Any CPU = Release|Any CPU
	EndGlobalSection
	GlobalSection(ProjectConfigurationPlatforms) = postSolution
		{F923D69C-0D40-4B64-9656-9295721C6024}.Debug|Any CPU.ActiveCfg = Debug|Any CPU
		{F923D69C-0D40-4B64-9656-9295721C6024}.Debug|Any CPU.Build.0 = Debug|Any CPU
		{F923D69C-0D40-4B64-9656-9295721C6024}.Release|Any CPU.ActiveCfg = Release|Any CPU
		{F923D69C-0D40-4B64-9656-9295721C6024}.Release|Any CPU.Build.0 = Release|Any CPU
		{EA1874D7-57E9-449F-817A-E4D51B4FE84F}.Debug|Any CPU.ActiveCfg = Debug|Any CPU
		{EA1874D7-57E9-449F-817A-E4D51B4FE84F}.Debug|Any CPU.Build.0 = Debug|Any CPU
		{EA1874D7-57E9-449F-817A-E4D51B4FE84F}.Release|Any CPU.ActiveCfg = Release|Any CPU
		{EA1874D7-57E9-449F-817A-E4D51B4FE84F}.Release|Any CPU.Build.0 = Release|Any CPU
		{DFF34A43-73B9-4364-AD86-A4064BE68958}.Debug|Any CPU.ActiveCfg = Debug|Any CPU
		{DFF34A43-73B9-4364-AD86-A4064BE68958}.Debug|Any CPU.Build.0 = Debug|Any CPU
		{DFF34A43-73B9-4364-AD86-A4064BE68958}.Release|Any CPU.ActiveCfg = Release|Any CPU
		{DFF34A43-73B9-4364-AD86-A4064BE68958}.Release|Any CPU.Build.0 = Release|Any CPU
		{04C05A2D-DB55-43E4-9481-8ADE0FDD952A}.Debug|Any CPU.ActiveCfg = Debug|Any CPU
		{04C05A2D-DB55-43E4-9481-8ADE0FDD952A}.Debug|Any CPU.Build.0 = Debug|Any CPU
		{04C05A2D-DB55-43E4-9481-8ADE0FDD952A}.Release|Any CPU.ActiveCfg = Release|Any CPU
		{04C05A2D-DB55-43E4-9481-8ADE0FDD952A}.Release|Any CPU.Build.0 = Release|Any CPU
	EndGlobalSection
	GlobalSection(SolutionProperties) = preSolution
		HideSolutionNode = FALSE
	EndGlobalSection
EndGlobal
